// !$*UTF8*$!
{
	archiveVersion = 1;
	classes = {
	};
	objectVersion = 50;
	objects = {

/* Begin PBXBuildFile section */
		7E20BED420F1C596009D0396 /* AppDelegate.m in Sources */ = {isa = PBXBuildFile; fileRef = 7E20BED320F1C596009D0396 /* AppDelegate.m */; };
		7E20BED720F1C596009D0396 /* ViewController.m in Sources */ = {isa = PBXBuildFile; fileRef = 7E20BED620F1C596009D0396 /* ViewController.m */; };
		7E20BEDA20F1C596009D0396 /* Main.storyboard in Resources */ = {isa = PBXBuildFile; fileRef = 7E20BED820F1C596009D0396 /* Main.storyboard */; };
		7E20BEDC20F1C599009D0396 /* Assets.xcassets in Resources */ = {isa = PBXBuildFile; fileRef = 7E20BEDB20F1C599009D0396 /* Assets.xcassets */; };
		7E20BEDF20F1C599009D0396 /* LaunchScreen.storyboard in Resources */ = {isa = PBXBuildFile; fileRef = 7E20BEDD20F1C599009D0396 /* LaunchScreen.storyboard */; };
		7E20BEE220F1C599009D0396 /* main.m in Sources */ = {isa = PBXBuildFile; fileRef = 7E20BEE120F1C599009D0396 /* main.m */; };
		7E20BEEB20F1C5B8009D0396 /* GLKit.framework in Frameworks */ = {isa = PBXBuildFile; fileRef = 7E20BEE920F1C5B7009D0396 /* GLKit.framework */; };
		7E20BEEC20F1C5B8009D0396 /* OpenGLES.framework in Frameworks */ = {isa = PBXBuildFile; fileRef = 7E20BEEA20F1C5B7009D0396 /* OpenGLES.framework */; };
		7E20BEF120F1C6AB009D0396 /* MyMetalFile.metal in Sources */ = {isa = PBXBuildFile; fileRef = 7E20BEF020F1C6AB009D0396 /* MyMetalFile.metal */; };
/* End PBXBuildFile section */

/* Begin PBXFileReference section */
		7E20BECF20F1C596009D0396 /* OpenGLForiOS.app */ = {isa = PBXFileReference; explicitFileType = wrapper.application; includeInIndex = 0; path = OpenGLForiOS.app; sourceTree = BUILT_PRODUCTS_DIR; };
		7E20BED220F1C596009D0396 /* AppDelegate.h */ = {isa = PBXFileReference; lastKnownFileType = sourcecode.c.h; path = AppDelegate.h; sourceTree = "<group>"; };
		7E20BED320F1C596009D0396 /* AppDelegate.m */ = {isa = PBXFileReference; lastKnownFileType = sourcecode.c.objc; path = AppDelegate.m; sourceTree = "<group>"; };
		7E20BED520F1C596009D0396 /* ViewController.h */ = {isa = PBXFileReference; lastKnownFileType = sourcecode.c.h; path = ViewController.h; sourceTree = "<group>"; };
		7E20BED620F1C596009D0396 /* ViewController.m */ = {isa = PBXFileReference; lastKnownFileType = sourcecode.c.objc; path = ViewController.m; sourceTree = "<group>"; };
		7E20BED920F1C596009D0396 /* Base */ = {isa = PBXFileReference; lastKnownFileType = file.storyboard; name = Base; path = Base.lproj/Main.storyboard; sourceTree = "<group>"; };
		7E20BEDB20F1C599009D0396 /* Assets.xcassets */ = {isa = PBXFileReference; lastKnownFileType = folder.assetcatalog; path = Assets.xcassets; sourceTree = "<group>"; };
		7E20BEDE20F1C599009D0396 /* Base */ = {isa = PBXFileReference; lastKnownFileType = file.storyboard; name = Base; path = Base.lproj/LaunchScreen.storyboard; sourceTree = "<group>"; };
		7E20BEE020F1C599009D0396 /* Info.plist */ = {isa = PBXFileReference; lastKnownFileType = text.plist.xml; path = Info.plist; sourceTree = "<group>"; };
		7E20BEE120F1C599009D0396 /* main.m */ = {isa = PBXFileReference; lastKnownFileType = sourcecode.c.objc; path = main.m; sourceTree = "<group>"; };
		7E20BEE920F1C5B7009D0396 /* GLKit.framework */ = {isa = PBXFileReference; lastKnownFileType = wrapper.framework; name = GLKit.framework; path = System/Library/Frameworks/GLKit.framework; sourceTree = SDKROOT; };
		7E20BEEA20F1C5B7009D0396 /* OpenGLES.framework */ = {isa = PBXFileReference; lastKnownFileType = wrapper.framework; name = OpenGLES.framework; path = System/Library/Frameworks/OpenGLES.framework; sourceTree = SDKROOT; };
		7E20BEF020F1C6AB009D0396 /* MyMetalFile.metal */ = {isa = PBXFileReference; lastKnownFileType = sourcecode.metal; path = MyMetalFile.metal; sourceTree = "<group>"; };
/* End PBXFileReference section */

/* Begin PBXFrameworksBuildPhase section */
		7E20BECC20F1C596009D0396 /* Frameworks */ = {
			isa = PBXFrameworksBuildPhase;
			buildActionMask = 2147483647;
			files = (
				7E20BEEB20F1C5B8009D0396 /* GLKit.framework in Frameworks */,
				7E20BEEC20F1C5B8009D0396 /* OpenGLES.framework in Frameworks */,
			);
			runOnlyForDeploymentPostprocessing = 0;
		};
/* End PBXFrameworksBuildPhase section */

/* Begin PBXGroup section */
		7E20BEC620F1C596009D0396 = {
			isa = PBXGroup;
			children = (
				7E20BED120F1C596009D0396 /* OpenGLForiOS */,
				7E20BED020F1C596009D0396 /* Products */,
				7E20BEE820F1C5B7009D0396 /* Frameworks */,
			);
			sourceTree = "<group>";
		};
		7E20BED020F1C596009D0396 /* Products */ = {
			isa = PBXGroup;
			children = (
				7E20BECF20F1C596009D0396 /* OpenGLForiOS.app */,
			);
			name = Products;
			sourceTree = "<group>";
		};
		7E20BED120F1C596009D0396 /* OpenGLForiOS */ = {
			isa = PBXGroup;
			children = (
				7E20BED220F1C596009D0396 /* AppDelegate.h */,
				7E20BED320F1C596009D0396 /* AppDelegate.m */,
				7E20BED520F1C596009D0396 /* ViewController.h */,
				7E20BED620F1C596009D0396 /* ViewController.m */,
				7E20BEF020F1C6AB009D0396 /* MyMetalFile.metal */,
				7E20BED820F1C596009D0396 /* Main.storyboard */,
				7E20BEDB20F1C599009D0396 /* Assets.xcassets */,
				7E20BEDD20F1C599009D0396 /* LaunchScreen.storyboard */,
				7E20BEE020F1C599009D0396 /* Info.plist */,
				7E20BEE120F1C599009D0396 /* main.m */,
			);
			path = OpenGLForiOS;
			sourceTree = "<group>";
		};
		7E20BEE820F1C5B7009D0396 /* Frameworks */ = {
			isa = PBXGroup;
			children = (
				7E20BEE920F1C5B7009D0396 /* GLKit.framework */,
				7E20BEEA20F1C5B7009D0396 /* OpenGLES.framework */,
			);
			name = Frameworks;
			sourceTree = "<group>";
		};
/* End PBXGroup section */

/* Begin PBXNativeTarget section */
		7E20BECE20F1C596009D0396 /* OpenGLForiOS */ = {
			isa = PBXNativeTarget;
			buildConfigurationList = 7E20BEE520F1C599009D0396 /* Build configuration list for PBXNativeTarget "OpenGLForiOS" */;
			buildPhases = (
				7E20BECB20F1C596009D0396 /* Sources */,
				7E20BECC20F1C596009D0396 /* Frameworks */,
				7E20BECD20F1C596009D0396 /* Resources */,
			);
			buildRules = (
			);
			dependencies = (
			);
			name = OpenGLForiOS;
			productName = OpenGLForiOS;
			productReference = 7E20BECF20F1C596009D0396 /* OpenGLForiOS.app */;
			productType = "com.apple.product-type.application";
		};
/* End PBXNativeTarget section */

/* Begin PBXProject section */
		7E20BEC720F1C596009D0396 /* Project object */ = {
			isa = PBXProject;
			attributes = {
				LastUpgradeCheck = 0940;
				ORGANIZATIONNAME = "王君";
				TargetAttributes = {
					7E20BECE20F1C596009D0396 = {
						CreatedOnToolsVersion = 9.4.1;
					};
				};
			};
			buildConfigurationList = 7E20BECA20F1C596009D0396 /* Build configuration list for PBXProject "OpenGLForiOS" */;
			compatibilityVersion = "Xcode 9.3";
			developmentRegion = en;
			hasScannedForEncodings = 0;
			knownRegions = (
				en,
				Base,
			);
			mainGroup = 7E20BEC620F1C596009D0396;
			productRefGroup = 7E20BED020F1C596009D0396 /* Products */;
			projectDirPath = "";
			projectRoot = "";
			targets = (
				7E20BECE20F1C596009D0396 /* OpenGLForiOS */,
			);
		};
/* End PBXProject section */

/* Begin PBXResourcesBuildPhase section */
		7E20BECD20F1C596009D0396 /* Resources */ = {
			isa = PBXResourcesBuildPhase;
			buildActionMask = 2147483647;
			files = (
				7E20BEDF20F1C599009D0396 /* LaunchScreen.storyboard in Resources */,
				7E20BEDC20F1C599009D0396 /* Assets.xcassets in Resources */,
				7E20BEDA20F1C596009D0396 /* Main.storyboard in Resources */,
			);
			runOnlyForDeploymentPostprocessing = 0;
		};
/* End PBXResourcesBuildPhase section */

/* Begin PBXSourcesBuildPhase section */
		7E20BECB20F1C596009D0396 /* Sources */ = {
			isa = PBXSourcesBuildPhase;
			buildActionMask = 2147483647;
			files = (
				7E20BED720F1C596009D0396 /* ViewController.m in Sources */,
				7E20BEE220F1C599009D0396 /* main.m in Sources */,
				7E20BED420F1C596009D0396 /* AppDelegate.m in Sources */,
				7E20BEF120F1C6AB009D0396 /* MyMetalFile.metal in Sources */,
			);
			runOnlyForDeploymentPostprocessing = 0;
		};
/* End PBXSourcesBuildPhase section */

/* Begin PBXVariantGroup section */
		7E20BED820F1C596009D0396 /* Main.storyboard */ = {
			isa = PBXVariantGroup;
			children = (
				7E20BED920F1C596009D0396 /* Base */,
			);
			name = Main.storyboard;
			sourceTree = "<group>";
		};
		7E20BEDD20F1C599009D0396 /* LaunchScreen.storyboard */ = {
			isa = PBXVariantGroup;
			children = (
				7E20BEDE20F1C599009D0396 /* Base */,
			);
			name = LaunchScreen.storyboard;
			sourceTree = "<group>";
		};
/* End PBXVariantGroup section */

/* Begin XCBuildConfiguration section */
		7E20BEE320F1C599009D0396 /* Debug */ = {
			isa = XCBuildConfiguration;
			buildSettings = {
				ALWAYS_SEARCH_USER_PATHS = NO;
				CLANG_ANALYZER_NONNULL = YES;
				CLANG_ANALYZER_NUMBER_OBJECT_CONVERSION = YES_AGGRESSIVE;
				CLANG_CXX_LANGUAGE_STANDARD = "gnu++14";
				CLANG_CXX_LIBRARY = "libc++";
				CLANG_ENABLE_MODULES = YES;
				CLANG_ENABLE_OBJC_ARC = YES;
				CLANG_ENABLE_OBJC_WEAK = YES;
				CLANG_WARN_BLOCK_CAPTURE_AUTORELEASING = YES;
				CLANG_WARN_BOOL_CONVERSION = YES;
				CLANG_WARN_COMMA = YES;
				CLANG_WARN_CONSTANT_CONVERSION = YES;
				CLANG_WARN_DEPRECATED_OBJC_IMPLEMENTATIONS = YES;
				CLANG_WARN_DIRECT_OBJC_ISA_USAGE = YES_ERROR;
				CLANG_WARN_DOCUMENTATION_COMMENTS = YES;
				CLANG_WARN_EMPTY_BODY = YES;
				CLANG_WARN_ENUM_CONVERSION = YES;
				CLANG_WARN_INFINITE_RECURSION = YES;
				CLANG_WARN_INT_CONVERSION = YES;
				CLANG_WARN_NON_LITERAL_NULL_CONVERSION = YES;
				CLANG_WARN_OBJC_IMPLICIT_RETAIN_SELF = YES;
				CLANG_WARN_OBJC_LITERAL_CONVERSION = YES;
				CLANG_WARN_OBJC_ROOT_CLASS = YES_ERROR;
				CLANG_WARN_RANGE_LOOP_ANALYSIS = YES;
				CLANG_WARN_STRICT_PROTOTYPES = YES;
				CLANG_WARN_SUSPICIOUS_MOVE = YES;
				CLANG_WARN_UNGUARDED_AVAILABILITY = YES_AGGRESSIVE;
				CLANG_WARN_UNREACHABLE_CODE = YES;
				CLANG_WARN__DUPLICATE_METHOD_MATCH = YES;
				CODE_SIGN_IDENTITY = "iPhone Developer";
				COPY_PHASE_STRIP = NO;
				DEBUG_INFORMATION_FORMAT = dwarf;
				ENABLE_STRICT_OBJC_MSGSEND = YES;
				ENABLE_TESTABILITY = YES;
				GCC_C_LANGUAGE_STANDARD = gnu11;
				GCC_DYNAMIC_NO_PIC = NO;
				GCC_NO_COMMON_BLOCKS = YES;
				GCC_OPTIMIZATION_LEVEL = 0;
				GCC_PREPROCESSOR_DEFINITIONS = (
					"DEBUG=1",
					"$(inherited)",
				);
				GCC_WARN_64_TO_32_BIT_CONVERSION = YES;
				GCC_WARN_ABOUT_RETURN_TYPE = YES_ERROR;
				GCC_WARN_UNDECLARED_SELECTOR = YES;
				GCC_WARN_UNINITIALIZED_AUTOS = YES_AGGRESSIVE;
				GCC_WARN_UNUSED_FUNCTION = YES;
				GCC_WARN_UNUSED_VARIABLE = YES;
				IPHONEOS_DEPLOYMENT_TARGET = 11.4;
				MTL_ENABLE_DEBUG_INFO = YES;
				ONLY_ACTIVE_ARCH = YES;
				SDKROOT = iphoneos;
			};
			name = Debug;
		};
		7E20BEE420F1C599009D0396 /* Release */ = {
			isa = XCBuildConfiguration;
			buildSettings = {
				ALWAYS_SEARCH_USER_PATHS = NO;
				CLANG_ANALYZER_NONNULL = YES;
				CLANG_ANALYZER_NUMBER_OBJECT_CONVERSION = YES_AGGRESSIVE;
				CLANG_CXX_LANGUAGE_STANDARD = "gnu++14";
				CLANG_CXX_LIBRARY = "libc++";
				CLANG_ENABLE_MODULES = YES;
				CLANG_ENABLE_OBJC_ARC = YES;
				CLANG_ENABLE_OBJC_WEAK = YES;
				CLANG_WARN_BLOCK_CAPTURE_AUTORELEASING = YES;
				CLANG_WARN_BOOL_CONVERSION = YES;
				CLANG_WARN_COMMA = YES;
				CLANG_WARN_CONSTANT_CONVERSION = YES;
				CLANG_WARN_DEPRECATED_OBJC_IMPLEMENTATIONS = YES;
				CLANG_WARN_DIRECT_OBJC_ISA_USAGE = YES_ERROR;
				CLANG_WARN_DOCUMENTATION_COMMENTS = YES;
				CLANG_WARN_EMPTY_BODY = YES;
				CLANG_WARN_ENUM_CONVERSION = YES;
				CLANG_WARN_INFINITE_RECURSION = YES;
				CLANG_WARN_INT_CONVERSION = YES;
				CLANG_WARN_NON_LITERAL_NULL_CONVERSION = YES;
				CLANG_WARN_OBJC_IMPLICIT_RETAIN_SELF = YES;
				CLANG_WARN_OBJC_LITERAL_CONVERSION = YES;
				CLANG_WARN_OBJC_ROOT_CLASS = YES_ERROR;
				CLANG_WARN_RANGE_LOOP_ANALYSIS = YES;
				CLANG_WARN_STRICT_PROTOTYPES = YES;
				CLANG_WARN_SUSPICIOUS_MOVE = YES;
				CLANG_WARN_UNGUARDED_AVAILABILITY = YES_AGGRESSIVE;
				CLANG_WARN_UNREACHABLE_CODE = YES;
				CLANG_WARN__DUPLICATE_METHOD_MATCH = YES;
				CODE_SIGN_IDENTITY = "iPhone Developer";
				COPY_PHASE_STRIP = NO;
				DEBUG_INFORMATION_FORMAT = "dwarf-with-dsym";
				ENABLE_NS_ASSERTIONS = NO;
				ENABLE_STRICT_OBJC_MSGSEND = YES;
				GCC_C_LANGUAGE_STANDARD = gnu11;
				GCC_NO_COMMON_BLOCKS = YES;
				GCC_WARN_64_TO_32_BIT_CONVERSION = YES;
				GCC_WARN_ABOUT_RETURN_TYPE = YES_ERROR;
				GCC_WARN_UNDECLARED_SELECTOR = YES;
				GCC_WARN_UNINITIALIZED_AUTOS = YES_AGGRESSIVE;
				GCC_WARN_UNUSED_FUNCTION = YES;
				GCC_WARN_UNUSED_VARIABLE = YES;
				IPHONEOS_DEPLOYMENT_TARGET = 11.4;
				MTL_ENABLE_DEBUG_INFO = NO;
				SDKROOT = iphoneos;
				VALIDATE_PRODUCT = YES;
			};
			name = Release;
		};
		7E20BEE620F1C599009D0396 /* Debug */ = {
			isa = XCBuildConfiguration;
			buildSettings = {
				ASSETCATALOG_COMPILER_APPICON_NAME = AppIcon;
				CODE_SIGN_STYLE = Automatic;
				DEVELOPMENT_TEAM = G8W83QFC4U;
				INFOPLIST_FILE = OpenGLForiOS/Info.plist;
				LD_RUNPATH_SEARCH_PATHS = (
					"$(inherited)",
					"@executable_path/Frameworks",
				);
				PRODUCT_BUNDLE_IDENTIFIER = com.WangErGou.OpenGLForiOS;
				PRODUCT_NAME = "$(TARGET_NAME)";
				TARGETED_DEVICE_FAMILY = "1,2";
			};
			name = Debug;
		};
		7E20BEE720F1C599009D0396 /* Release */ = {
			isa = XCBuildConfiguration;
			buildSettings = {
				ASSETCATALOG_COMPILER_APPICON_NAME = AppIcon;
				CODE_SIGN_STYLE = Automatic;
				DEVELOPMENT_TEAM = G8W83QFC4U;
				INFOPLIST_FILE = OpenGLForiOS/Info.plist;
				LD_RUNPATH_SEARCH_PATHS = (
					"$(inherited)",
					"@executable_path/Frameworks",
				);
				PRODUCT_BUNDLE_IDENTIFIER = com.WangErGou.OpenGLForiOS;
				PRODUCT_NAME = "$(TARGET_NAME)";
				TARGETED_DEVICE_FAMILY = "1,2";
			};
			name = Release;
		};
/* End XCBuildConfiguration section */

/* Begin XCConfigurationList section */
		7E20BECA20F1C596009D0396 /* Build configuration list for PBXProject "OpenGLForiOS" */ = {
			isa = XCConfigurationList;
			buildConfigurations = (
				7E20BEE320F1C599009D0396 /* Debug */,
				7E20BEE420F1C599009D0396 /* Release */,
			);
			defaultConfigurationIsVisible = 0;
			defaultConfigurationName = Release;
		};
		7E20BEE520F1C599009D0396 /* Build configuration list for PBXNativeTarget "OpenGLForiOS" */ = {
			isa = XCConfigurationList;
			buildConfigurations = (
				7E20BEE620F1C599009D0396 /* Debug */,
				7E20BEE720F1C599009D0396 /* Release */,
			);
			defaultConfigurationIsVisible = 0;
			defaultConfigurationName = Release;
		};
/* End XCConfigurationList section */
	};
	rootObject = 7E20BEC720F1C596009D0396 /* Project object */;
}
